
Microsoft Visual Studio Solution File, Format Version 12.00
# Visual Studio 14
VisualStudioVersion = 14.0.25420.1
MinimumVisualStudioVersion = 10.0.40219.1
Project("{FAE04EC0-301F-11D3-BF4B-00C04F79EFBC}") = "calculator", "calculator\calculator.csproj", "{BCCF8188-A11C-41F6-B47F-F3BBC2097E0E}"
EndProject
Global
	GlobalSection(SolutionConfigurationPlatforms) = preSolution
		Debug|Any CPU = Debug|Any CPU
		Release|Any CPU = Release|Any CPU
	EndGlobalSection
	GlobalSection(ProjectConfigurationPlatforms) = postSolution
		{BCCF8188-A11C-41F6-B47F-F3BBC2097E0E}.Debug|Any CPU.ActiveCfg = Debug|Any CPU
		{BCCF8188-A11C-41F6-B47F-F3BBC2097E0E}.Debug|Any CPU.Build.0 = Debug|Any CPU
		{BCCF8188-A11C-41F6-B47F-F3BBC2097E0E}.Release|Any CPU.ActiveCfg = Release|Any CPU
		{BCCF8188-A11C-41F6-B47F-F3BBC2097E0E}.Release|Any CPU.Build.0 = Release|Any CPU
	EndGlobalSection
	GlobalSection(SolutionProperties) = preSolution
		HideSolutionNode = FALSE
	EndGlobalSection
EndGlobal
